
Microsoft Visual Studio Solution File, Format Version 12.00
# Visual Studio Version 17
VisualStudioVersion = 17.7.34031.279
MinimumVisualStudioVersion = 10.0.40219.1
Project("{FAE04EC0-301F-11D3-BF4B-00C04F79EFBC}") = "CalcularEdadMVC", "CalcularEdadMVC\CalcularEdadMVC.csproj", "{78DBE1BC-59E5-4149-9D09-D464F8DA799E}"
EndProject
Global
	GlobalSection(SolutionConfigurationPlatforms) = preSolution
		Debug|Any CPU = Debug|Any CPU
		Release|Any CPU = Release|Any CPU
	EndGlobalSection
	GlobalSection(ProjectConfigurationPlatforms) = postSolution
		{78DBE1BC-59E5-4149-9D09-D464F8DA799E}.Debug|Any CPU.ActiveCfg = Debug|Any CPU
		{78DBE1BC-59E5-4149-9D09-D464F8DA799E}.Debug|Any CPU.Build.0 = Debug|Any CPU
		{78DBE1BC-59E5-4149-9D09-D464F8DA799E}.Release|Any CPU.ActiveCfg = Release|Any CPU
		{78DBE1BC-59E5-4149-9D09-D464F8DA799E}.Release|Any CPU.Build.0 = Release|Any CPU
	EndGlobalSection
	GlobalSection(SolutionProperties) = preSolution
		HideSolutionNode = FALSE
	EndGlobalSection
	GlobalSection(ExtensibilityGlobals) = postSolution
		SolutionGuid = {D02DEE2D-5A32-4D00-9BDB-0E6EB285FC64}
	EndGlobalSection
EndGlobal
